
Microsoft Visual Studio Solution File, Format Version 12.00
# Visual Studio 15
VisualStudioVersion = 15.0.28307.572
MinimumVisualStudioVersion = 10.0.40219.1
Project("{FAE04EC0-301F-11D3-BF4B-00C04F79EFBC}") = "Cas 31", "Cas 31\Cas 31.csproj", "{9F9DC671-A94B-494C-864D-5BA0CD74DB31}"
EndProject
Global
	GlobalSection(SolutionConfigurationPlatforms) = preSolution
		Debug|Any CPU = Debug|Any CPU
		Release|Any CPU = Release|Any CPU
	EndGlobalSection
	GlobalSection(ProjectConfigurationPlatforms) = postSolution
		{9F9DC671-A94B-494C-864D-5BA0CD74DB31}.Debug|Any CPU.ActiveCfg = Debug|Any CPU
		{9F9DC671-A94B-494C-864D-5BA0CD74DB31}.Debug|Any CPU.Build.0 = Debug|Any CPU
		{9F9DC671-A94B-494C-864D-5BA0CD74DB31}.Release|Any CPU.ActiveCfg = Release|Any CPU
		{9F9DC671-A94B-494C-864D-5BA0CD74DB31}.Release|Any CPU.Build.0 = Release|Any CPU
	EndGlobalSection
	GlobalSection(SolutionProperties) = preSolution
		HideSolutionNode = FALSE
	EndGlobalSection
	GlobalSection(ExtensibilityGlobals) = postSolution
		SolutionGuid = {0E0DC9AC-0630-44EA-95EE-652970E218F0}
	EndGlobalSection
EndGlobal
